// !$*UTF8*$!
{
	archiveVersion = 1;
	classes = {
	};
	objectVersion = 50;
	objects = {

/* Begin PBXBuildFile section */
		563888E3554727970110563E /* Pods_App_Assignment.framework in Frameworks */ = {isa = PBXBuildFile; fileRef = BBC682D32B2A2C9761F229CE /* Pods_App_Assignment.framework */; };
		87755B3E210F0EC3000F3734 /* RepositoryDetailsPresenter.swift in Sources */ = {isa = PBXBuildFile; fileRef = 87755B3A210F0EC3000F3734 /* RepositoryDetailsPresenter.swift */; };
		87755B3F210F0EC3000F3734 /* RepositoryDetailsRouter.swift in Sources */ = {isa = PBXBuildFile; fileRef = 87755B3B210F0EC3000F3734 /* RepositoryDetailsRouter.swift */; };
		87755B40210F0EC3000F3734 /* RepositoryDetailsViewController.swift in Sources */ = {isa = PBXBuildFile; fileRef = 87755B3C210F0EC3000F3734 /* RepositoryDetailsViewController.swift */; };
		87755B41210F0EC3000F3734 /* RepositoryDetailsConfigurator.swift in Sources */ = {isa = PBXBuildFile; fileRef = 87755B3D210F0EC3000F3734 /* RepositoryDetailsConfigurator.swift */; };
		87755B4D210F463D000F3734 /* ContributorCell.swift in Sources */ = {isa = PBXBuildFile; fileRef = 87755B4B210F463D000F3734 /* ContributorCell.swift */; };
		87755B4E210F463D000F3734 /* ContributorCell.xib in Resources */ = {isa = PBXBuildFile; fileRef = 87755B4C210F463D000F3734 /* ContributorCell.xib */; };
		87755B50210F9F83000F3734 /* GetContributorsListService.swift in Sources */ = {isa = PBXBuildFile; fileRef = 87755B4F210F9F83000F3734 /* GetContributorsListService.swift */; };
		87A28624210E464800561612 /* AppDelegate.swift in Sources */ = {isa = PBXBuildFile; fileRef = 87A28623210E464800561612 /* AppDelegate.swift */; };
		87A28629210E464800561612 /* Main.storyboard in Resources */ = {isa = PBXBuildFile; fileRef = 87A28627210E464800561612 /* Main.storyboard */; };
		87A2862B210E464A00561612 /* Assets.xcassets in Resources */ = {isa = PBXBuildFile; fileRef = 87A2862A210E464A00561612 /* Assets.xcassets */; };
		87A2862E210E464A00561612 /* LaunchScreen.storyboard in Resources */ = {isa = PBXBuildFile; fileRef = 87A2862C210E464A00561612 /* LaunchScreen.storyboard */; };
		87A2863F210EE27C00561612 /* APIClient.swift in Sources */ = {isa = PBXBuildFile; fileRef = 87A2863E210EE27C00561612 /* APIClient.swift */; };
		87A28641210EE2A600561612 /* APIResource.swift in Sources */ = {isa = PBXBuildFile; fileRef = 87A28640210EE2A600561612 /* APIResource.swift */; };
		87A28644210EEFD300561612 /* ReposGateway.swift in Sources */ = {isa = PBXBuildFile; fileRef = 87A28643210EEFD300561612 /* ReposGateway.swift */; };
		87A28647210EF12200561612 /* GetReposListService.swift in Sources */ = {isa = PBXBuildFile; fileRef = 87A28646210EF12200561612 /* GetReposListService.swift */; };
		87A28649210EFAA000561612 /* Repository.swift in Sources */ = {isa = PBXBuildFile; fileRef = 87A28648210EFAA000561612 /* Repository.swift */; };
		87A2864B210F02A900561612 /* Contributor.swift in Sources */ = {isa = PBXBuildFile; fileRef = 87A2864A210F02A900561612 /* Contributor.swift */; };
		87A28651210F071100561612 /* RepositoriesListPresenter.swift in Sources */ = {isa = PBXBuildFile; fileRef = 87A2864D210F071100561612 /* RepositoriesListPresenter.swift */; };
		87A28652210F071100561612 /* RepositoriesListRouter.swift in Sources */ = {isa = PBXBuildFile; fileRef = 87A2864E210F071100561612 /* RepositoriesListRouter.swift */; };
		87A28653210F071100561612 /* RepositoriesListViewController.swift in Sources */ = {isa = PBXBuildFile; fileRef = 87A2864F210F071100561612 /* RepositoriesListViewController.swift */; };
		87A28654210F071100561612 /* RepositoriesListConfigurator.swift in Sources */ = {isa = PBXBuildFile; fileRef = 87A28650210F071100561612 /* RepositoriesListConfigurator.swift */; };
		87A28658210F078100561612 /* BasePresenterInput.swift in Sources */ = {isa = PBXBuildFile; fileRef = 87A28657210F078100561612 /* BasePresenterInput.swift */; };
		87A2865B210F0A4600561612 /* LabelCell.swift in Sources */ = {isa = PBXBuildFile; fileRef = 87A28659210F0A4600561612 /* LabelCell.swift */; };
		87A2865C210F0A4600561612 /* LabelCell.xib in Resources */ = {isa = PBXBuildFile; fileRef = 87A2865A210F0A4600561612 /* LabelCell.xib */; };
/* End PBXBuildFile section */

/* Begin PBXFileReference section */
		3F025C14393FA7370CFDB47E /* Pods-App Assignment.release.xcconfig */ = {isa = PBXFileReference; includeInIndex = 1; lastKnownFileType = text.xcconfig; name = "Pods-App Assignment.release.xcconfig"; path = "Pods/Target Support Files/Pods-App Assignment/Pods-App Assignment.release.xcconfig"; sourceTree = "<group>"; };
		87755B3A210F0EC3000F3734 /* RepositoryDetailsPresenter.swift */ = {isa = PBXFileReference; lastKnownFileType = sourcecode.swift; path = RepositoryDetailsPresenter.swift; sourceTree = "<group>"; };
		87755B3B210F0EC3000F3734 /* RepositoryDetailsRouter.swift */ = {isa = PBXFileReference; lastKnownFileType = sourcecode.swift; path = RepositoryDetailsRouter.swift; sourceTree = "<group>"; };
		87755B3C210F0EC3000F3734 /* RepositoryDetailsViewController.swift */ = {isa = PBXFileReference; lastKnownFileType = sourcecode.swift; path = RepositoryDetailsViewController.swift; sourceTree = "<group>"; };
		87755B3D210F0EC3000F3734 /* RepositoryDetailsConfigurator.swift */ = {isa = PBXFileReference; lastKnownFileType = sourcecode.swift; path = RepositoryDetailsConfigurator.swift; sourceTree = "<group>"; };
		87755B4B210F463D000F3734 /* ContributorCell.swift */ = {isa = PBXFileReference; lastKnownFileType = sourcecode.swift; path = ContributorCell.swift; sourceTree = "<group>"; };
		87755B4C210F463D000F3734 /* ContributorCell.xib */ = {isa = PBXFileReference; lastKnownFileType = file.xib; path = ContributorCell.xib; sourceTree = "<group>"; };
		87755B4F210F9F83000F3734 /* GetContributorsListService.swift */ = {isa = PBXFileReference; lastKnownFileType = sourcecode.swift; path = GetContributorsListService.swift; sourceTree = "<group>"; };
		87A28620210E464800561612 /* App Assignment.app */ = {isa = PBXFileReference; explicitFileType = wrapper.application; includeInIndex = 0; path = "App Assignment.app"; sourceTree = BUILT_PRODUCTS_DIR; };
		87A28623210E464800561612 /* AppDelegate.swift */ = {isa = PBXFileReference; lastKnownFileType = sourcecode.swift; path = AppDelegate.swift; sourceTree = "<group>"; };
		87A28628210E464800561612 /* Base */ = {isa = PBXFileReference; lastKnownFileType = file.storyboard; name = Base; path = Base.lproj/Main.storyboard; sourceTree = "<group>"; };
		87A2862A210E464A00561612 /* Assets.xcassets */ = {isa = PBXFileReference; lastKnownFileType = folder.assetcatalog; path = Assets.xcassets; sourceTree = "<group>"; };
		87A2862D210E464A00561612 /* Base */ = {isa = PBXFileReference; lastKnownFileType = file.storyboard; name = Base; path = Base.lproj/LaunchScreen.storyboard; sourceTree = "<group>"; };
		87A2862F210E464A00561612 /* Info.plist */ = {isa = PBXFileReference; lastKnownFileType = text.plist.xml; path = Info.plist; sourceTree = "<group>"; };
		87A2863E210EE27C00561612 /* APIClient.swift */ = {isa = PBXFileReference; lastKnownFileType = sourcecode.swift; path = APIClient.swift; sourceTree = "<group>"; };
		87A28640210EE2A600561612 /* APIResource.swift */ = {isa = PBXFileReference; lastKnownFileType = sourcecode.swift; path = APIResource.swift; sourceTree = "<group>"; };
		87A28643210EEFD300561612 /* ReposGateway.swift */ = {isa = PBXFileReference; lastKnownFileType = sourcecode.swift; path = ReposGateway.swift; sourceTree = "<group>"; };
		87A28646210EF12200561612 /* GetReposListService.swift */ = {isa = PBXFileReference; lastKnownFileType = sourcecode.swift; path = GetReposListService.swift; sourceTree = "<group>"; };
		87A28648210EFAA000561612 /* Repository.swift */ = {isa = PBXFileReference; lastKnownFileType = sourcecode.swift; path = Repository.swift; sourceTree = "<group>"; };
		87A2864A210F02A900561612 /* Contributor.swift */ = {isa = PBXFileReference; lastKnownFileType = sourcecode.swift; path = Contributor.swift; sourceTree = "<group>"; };
		87A2864D210F071100561612 /* RepositoriesListPresenter.swift */ = {isa = PBXFileReference; lastKnownFileType = sourcecode.swift; path = RepositoriesListPresenter.swift; sourceTree = "<group>"; };
		87A2864E210F071100561612 /* RepositoriesListRouter.swift */ = {isa = PBXFileReference; lastKnownFileType = sourcecode.swift; path = RepositoriesListRouter.swift; sourceTree = "<group>"; };
		87A2864F210F071100561612 /* RepositoriesListViewController.swift */ = {isa = PBXFileReference; lastKnownFileType = sourcecode.swift; path = RepositoriesListViewController.swift; sourceTree = "<group>"; };
		87A28650210F071100561612 /* RepositoriesListConfigurator.swift */ = {isa = PBXFileReference; lastKnownFileType = sourcecode.swift; path = RepositoriesListConfigurator.swift; sourceTree = "<group>"; };
		87A28657210F078100561612 /* BasePresenterInput.swift */ = {isa = PBXFileReference; lastKnownFileType = sourcecode.swift; path = BasePresenterInput.swift; sourceTree = "<group>"; };
		87A28659210F0A4600561612 /* LabelCell.swift */ = {isa = PBXFileReference; lastKnownFileType = sourcecode.swift; path = LabelCell.swift; sourceTree = "<group>"; };
		87A2865A210F0A4600561612 /* LabelCell.xib */ = {isa = PBXFileReference; lastKnownFileType = file.xib; path = LabelCell.xib; sourceTree = "<group>"; };
		BB1F41A2C042A7F7CAFCD7F1 /* Pods-App Assignment.debug.xcconfig */ = {isa = PBXFileReference; includeInIndex = 1; lastKnownFileType = text.xcconfig; name = "Pods-App Assignment.debug.xcconfig"; path = "Pods/Target Support Files/Pods-App Assignment/Pods-App Assignment.debug.xcconfig"; sourceTree = "<group>"; };
		BBC682D32B2A2C9761F229CE /* Pods_App_Assignment.framework */ = {isa = PBXFileReference; explicitFileType = wrapper.framework; includeInIndex = 0; path = Pods_App_Assignment.framework; sourceTree = BUILT_PRODUCTS_DIR; };
/* End PBXFileReference section */

/* Begin PBXFrameworksBuildPhase section */
		87A2861D210E464800561612 /* Frameworks */ = {
			isa = PBXFrameworksBuildPhase;
			buildActionMask = 2147483647;
			files = (
				563888E3554727970110563E /* Pods_App_Assignment.framework in Frameworks */,
			);
			runOnlyForDeploymentPostprocessing = 0;
		};
/* End PBXFrameworksBuildPhase section */

/* Begin PBXGroup section */
		5E9BD6F552DA2836418A1F2B /* Frameworks */ = {
			isa = PBXGroup;
			children = (
				BBC682D32B2A2C9761F229CE /* Pods_App_Assignment.framework */,
			);
			name = Frameworks;
			sourceTree = "<group>";
		};
		87755B39210F0EAC000F3734 /* Repo Details */ = {
			isa = PBXGroup;
			children = (
				87755B3A210F0EC3000F3734 /* RepositoryDetailsPresenter.swift */,
				87755B3B210F0EC3000F3734 /* RepositoryDetailsRouter.swift */,
				87755B3C210F0EC3000F3734 /* RepositoryDetailsViewController.swift */,
				87755B3D210F0EC3000F3734 /* RepositoryDetailsConfigurator.swift */,
			);
			path = "Repo Details";
			sourceTree = "<group>";
		};
		87A28617210E464800561612 = {
			isa = PBXGroup;
			children = (
				87A28622210E464800561612 /* App Assignment */,
				87A28621210E464800561612 /* Products */,
				E4561BC038DF7F134BB9F67A /* Pods */,
				5E9BD6F552DA2836418A1F2B /* Frameworks */,
			);
			sourceTree = "<group>";
		};
		87A28621210E464800561612 /* Products */ = {
			isa = PBXGroup;
			children = (
				87A28620210E464800561612 /* App Assignment.app */,
			);
			name = Products;
			sourceTree = "<group>";
		};
		87A28622210E464800561612 /* App Assignment */ = {
			isa = PBXGroup;
			children = (
				87A28655210F076500561612 /* Helpers */,
				87A2863C210E4DAA00561612 /* Scenes */,
				87A2863B210E4DA200561612 /* Framework */,
				87A2863A210E4D9400561612 /* Models */,
				87A28638210E4D3E00561612 /* App Delegate */,
				87A28636210E4D0800561612 /* UI */,
				87A28635210E4CDC00561612 /* Supporting files */,
			);
			path = "App Assignment";
			sourceTree = "<group>";
		};
		87A28635210E4CDC00561612 /* Supporting files */ = {
			isa = PBXGroup;
			children = (
				87A2862A210E464A00561612 /* Assets.xcassets */,
				87A2862F210E464A00561612 /* Info.plist */,
			);
			path = "Supporting files";
			sourceTree = "<group>";
		};
		87A28636210E4D0800561612 /* UI */ = {
			isa = PBXGroup;
			children = (
				87A28639210E4D4F00561612 /* Custom Cells */,
				87A28637210E4D0E00561612 /* Storyboards */,
			);
			path = UI;
			sourceTree = "<group>";
		};
		87A28637210E4D0E00561612 /* Storyboards */ = {
			isa = PBXGroup;
			children = (
				87A2862C210E464A00561612 /* LaunchScreen.storyboard */,
				87A28627210E464800561612 /* Main.storyboard */,
			);
			path = Storyboards;
			sourceTree = "<group>";
		};
		87A28638210E4D3E00561612 /* App Delegate */ = {
			isa = PBXGroup;
			children = (
				87A28623210E464800561612 /* AppDelegate.swift */,
			);
			path = "App Delegate";
			sourceTree = "<group>";
		};
		87A28639210E4D4F00561612 /* Custom Cells */ = {
			isa = PBXGroup;
			children = (
				87A28659210F0A4600561612 /* LabelCell.swift */,
				87A2865A210F0A4600561612 /* LabelCell.xib */,
				87755B4B210F463D000F3734 /* ContributorCell.swift */,
				87755B4C210F463D000F3734 /* ContributorCell.xib */,
			);
			path = "Custom Cells";
			sourceTree = "<group>";
		};
		87A2863A210E4D9400561612 /* Models */ = {
			isa = PBXGroup;
			children = (
				87A28648210EFAA000561612 /* Repository.swift */,
				87A2864A210F02A900561612 /* Contributor.swift */,
			);
			path = Models;
			sourceTree = "<group>";
		};
		87A2863B210E4DA200561612 /* Framework */ = {
			isa = PBXGroup;
			children = (
				87A28645210EF03700561612 /* Services */,
				87A28642210EEFBD00561612 /* Gateways */,
				87A2863D210EE26200561612 /* API Client */,
			);
			path = Framework;
			sourceTree = "<group>";
		};
		87A2863C210E4DAA00561612 /* Scenes */ = {
			isa = PBXGroup;
			children = (
				87755B39210F0EAC000F3734 /* Repo Details */,
				87A2864C210F06F600561612 /* Repo List */,
			);
			path = Scenes;
			sourceTree = "<group>";
		};
		87A2863D210EE26200561612 /* API Client */ = {
			isa = PBXGroup;
			children = (
				87A2863E210EE27C00561612 /* APIClient.swift */,
				87A28640210EE2A600561612 /* APIResource.swift */,
			);
			path = "API Client";
			sourceTree = "<group>";
		};
		87A28642210EEFBD00561612 /* Gateways */ = {
			isa = PBXGroup;
			children = (
				87A28643210EEFD300561612 /* ReposGateway.swift */,
			);
			path = Gateways;
			sourceTree = "<group>";
		};
		87A28645210EF03700561612 /* Services */ = {
			isa = PBXGroup;
			children = (
				87A28646210EF12200561612 /* GetReposListService.swift */,
				87755B4F210F9F83000F3734 /* GetContributorsListService.swift */,
			);
			path = Services;
			sourceTree = "<group>";
		};
		87A2864C210F06F600561612 /* Repo List */ = {
			isa = PBXGroup;
			children = (
				87A2864D210F071100561612 /* RepositoriesListPresenter.swift */,
				87A2864E210F071100561612 /* RepositoriesListRouter.swift */,
				87A2864F210F071100561612 /* RepositoriesListViewController.swift */,
				87A28650210F071100561612 /* RepositoriesListConfigurator.swift */,
			);
			path = "Repo List";
			sourceTree = "<group>";
		};
		87A28655210F076500561612 /* Helpers */ = {
			isa = PBXGroup;
			children = (
				87A28656210F076A00561612 /* MVP Protocols */,
			);
			path = Helpers;
			sourceTree = "<group>";
		};
		87A28656210F076A00561612 /* MVP Protocols */ = {
			isa = PBXGroup;
			children = (
				87A28657210F078100561612 /* BasePresenterInput.swift */,
			);
			path = "MVP Protocols";
			sourceTree = "<group>";
		};
		E4561BC038DF7F134BB9F67A /* Pods */ = {
			isa = PBXGroup;
			children = (
				BB1F41A2C042A7F7CAFCD7F1 /* Pods-App Assignment.debug.xcconfig */,
				3F025C14393FA7370CFDB47E /* Pods-App Assignment.release.xcconfig */,
			);
			name = Pods;
			sourceTree = "<group>";
		};
/* End PBXGroup section */

/* Begin PBXNativeTarget section */
		87A2861F210E464800561612 /* App Assignment */ = {
			isa = PBXNativeTarget;
			buildConfigurationList = 87A28632210E464A00561612 /* Build configuration list for PBXNativeTarget "App Assignment" */;
			buildPhases = (
				0669F121C0B6829EAD1B9807 /* [CP] Check Pods Manifest.lock */,
				87A2861C210E464800561612 /* Sources */,
				87A2861D210E464800561612 /* Frameworks */,
				87A2861E210E464800561612 /* Resources */,
				D0DC8383EC892072EC60B9CC /* [CP] Embed Pods Frameworks */,
			);
			buildRules = (
			);
			dependencies = (
			);
			name = "App Assignment";
			productName = "App Assignment";
			productReference = 87A28620210E464800561612 /* App Assignment.app */;
			productType = "com.apple.product-type.application";
		};
/* End PBXNativeTarget section */

/* Begin PBXProject section */
		87A28618210E464800561612 /* Project object */ = {
			isa = PBXProject;
			attributes = {
				LastSwiftUpdateCheck = 0940;
				LastUpgradeCheck = 0940;
				ORGANIZATIONNAME = Daraghmeh;
				TargetAttributes = {
					87A2861F210E464800561612 = {
						CreatedOnToolsVersion = 9.4.1;
					};
				};
			};
			buildConfigurationList = 87A2861B210E464800561612 /* Build configuration list for PBXProject "App Assignment" */;
			compatibilityVersion = "Xcode 9.3";
			developmentRegion = en;
			hasScannedForEncodings = 0;
			knownRegions = (
				en,
				Base,
			);
			mainGroup = 87A28617210E464800561612;
			productRefGroup = 87A28621210E464800561612 /* Products */;
			projectDirPath = "";
			projectRoot = "";
			targets = (
				87A2861F210E464800561612 /* App Assignment */,
			);
		};
/* End PBXProject section */

/* Begin PBXResourcesBuildPhase section */
		87A2861E210E464800561612 /* Resources */ = {
			isa = PBXResourcesBuildPhase;
			buildActionMask = 2147483647;
			files = (
				87A2862E210E464A00561612 /* LaunchScreen.storyboard in Resources */,
				87755B4E210F463D000F3734 /* ContributorCell.xib in Resources */,
				87A2862B210E464A00561612 /* Assets.xcassets in Resources */,
				87A2865C210F0A4600561612 /* LabelCell.xib in Resources */,
				87A28629210E464800561612 /* Main.storyboard in Resources */,
			);
			runOnlyForDeploymentPostprocessing = 0;
		};
/* End PBXResourcesBuildPhase section */

/* Begin PBXShellScriptBuildPhase section */
		0669F121C0B6829EAD1B9807 /* [CP] Check Pods Manifest.lock */ = {
			isa = PBXShellScriptBuildPhase;
			buildActionMask = 2147483647;
			files = (
			);
			inputPaths = (
				"${PODS_PODFILE_DIR_PATH}/Podfile.lock",
				"${PODS_ROOT}/Manifest.lock",
			);
			name = "[CP] Check Pods Manifest.lock";
			outputPaths = (
				"$(DERIVED_FILE_DIR)/Pods-App Assignment-checkManifestLockResult.txt",
			);
			runOnlyForDeploymentPostprocessing = 0;
			shellPath = /bin/sh;
			shellScript = "diff \"${PODS_PODFILE_DIR_PATH}/Podfile.lock\" \"${PODS_ROOT}/Manifest.lock\" > /dev/null\nif [ $? != 0 ] ; then\n    # print error to STDERR\n    echo \"error: The sandbox is not in sync with the Podfile.lock. Run 'pod install' or update your CocoaPods installation.\" >&2\n    exit 1\nfi\n# This output is used by Xcode 'outputs' to avoid re-running this script phase.\necho \"SUCCESS\" > \"${SCRIPT_OUTPUT_FILE_0}\"\n";
			showEnvVarsInLog = 0;
		};
		D0DC8383EC892072EC60B9CC /* [CP] Embed Pods Frameworks */ = {
			isa = PBXShellScriptBuildPhase;
			buildActionMask = 2147483647;
			files = (
			);
			inputPaths = (
				"${SRCROOT}/Pods/Target Support Files/Pods-App Assignment/Pods-App Assignment-frameworks.sh",
				"${BUILT_PRODUCTS_DIR}/Alamofire/Alamofire.framework",
				"${BUILT_PRODUCTS_DIR}/AlamofireImage/AlamofireImage.framework",
			);
			name = "[CP] Embed Pods Frameworks";
			outputPaths = (
				"${TARGET_BUILD_DIR}/${FRAMEWORKS_FOLDER_PATH}/Alamofire.framework",
				"${TARGET_BUILD_DIR}/${FRAMEWORKS_FOLDER_PATH}/AlamofireImage.framework",
			);
			runOnlyForDeploymentPostprocessing = 0;
			shellPath = /bin/sh;
			shellScript = "\"${SRCROOT}/Pods/Target Support Files/Pods-App Assignment/Pods-App Assignment-frameworks.sh\"\n";
			showEnvVarsInLog = 0;
		};
/* End PBXShellScriptBuildPhase section */

/* Begin PBXSourcesBuildPhase section */
		87A2861C210E464800561612 /* Sources */ = {
			isa = PBXSourcesBuildPhase;
			buildActionMask = 2147483647;
			files = (
				87A28654210F071100561612 /* RepositoriesListConfigurator.swift in Sources */,
				87A28653210F071100561612 /* RepositoriesListViewController.swift in Sources */,
				87A28644210EEFD300561612 /* ReposGateway.swift in Sources */,
				87755B41210F0EC3000F3734 /* RepositoryDetailsConfigurator.swift in Sources */,
				87755B50210F9F83000F3734 /* GetContributorsListService.swift in Sources */,
				87A28647210EF12200561612 /* GetReposListService.swift in Sources */,
				87A2865B210F0A4600561612 /* LabelCell.swift in Sources */,
				87755B40210F0EC3000F3734 /* RepositoryDetailsViewController.swift in Sources */,
				87A2864B210F02A900561612 /* Contributor.swift in Sources */,
				87755B3E210F0EC3000F3734 /* RepositoryDetailsPresenter.swift in Sources */,
				87A28624210E464800561612 /* AppDelegate.swift in Sources */,
				87A28652210F071100561612 /* RepositoriesListRouter.swift in Sources */,
				87755B4D210F463D000F3734 /* ContributorCell.swift in Sources */,
				87755B3F210F0EC3000F3734 /* RepositoryDetailsRouter.swift in Sources */,
				87A28641210EE2A600561612 /* APIResource.swift in Sources */,
				87A2863F210EE27C00561612 /* APIClient.swift in Sources */,
				87A28651210F071100561612 /* RepositoriesListPresenter.swift in Sources */,
				87A28658210F078100561612 /* BasePresenterInput.swift in Sources */,
				87A28649210EFAA000561612 /* Repository.swift in Sources */,
			);
			runOnlyForDeploymentPostprocessing = 0;
		};
/* End PBXSourcesBuildPhase section */

/* Begin PBXVariantGroup section */
		87A28627210E464800561612 /* Main.storyboard */ = {
			isa = PBXVariantGroup;
			children = (
				87A28628210E464800561612 /* Base */,
			);
			name = Main.storyboard;
			sourceTree = "<group>";
		};
		87A2862C210E464A00561612 /* LaunchScreen.storyboard */ = {
			isa = PBXVariantGroup;
			children = (
				87A2862D210E464A00561612 /* Base */,
			);
			name = LaunchScreen.storyboard;
			sourceTree = "<group>";
		};
/* End PBXVariantGroup section */

/* Begin XCBuildConfiguration section */
		87A28630210E464A00561612 /* Debug */ = {
			isa = XCBuildConfiguration;
			buildSettings = {
				ALWAYS_SEARCH_USER_PATHS = NO;
				CLANG_ANALYZER_NONNULL = YES;
				CLANG_ANALYZER_NUMBER_OBJECT_CONVERSION = YES_AGGRESSIVE;
				CLANG_CXX_LANGUAGE_STANDARD = "gnu++14";
				CLANG_CXX_LIBRARY = "libc++";
				CLANG_ENABLE_MODULES = YES;
				CLANG_ENABLE_OBJC_ARC = YES;
				CLANG_ENABLE_OBJC_WEAK = YES;
				CLANG_WARN_BLOCK_CAPTURE_AUTORELEASING = YES;
				CLANG_WARN_BOOL_CONVERSION = YES;
				CLANG_WARN_COMMA = YES;
				CLANG_WARN_CONSTANT_CONVERSION = YES;
				CLANG_WARN_DEPRECATED_OBJC_IMPLEMENTATIONS = YES;
				CLANG_WARN_DIRECT_OBJC_ISA_USAGE = YES_ERROR;
				CLANG_WARN_DOCUMENTATION_COMMENTS = YES;
				CLANG_WARN_EMPTY_BODY = YES;
				CLANG_WARN_ENUM_CONVERSION = YES;
				CLANG_WARN_INFINITE_RECURSION = YES;
				CLANG_WARN_INT_CONVERSION = YES;
				CLANG_WARN_NON_LITERAL_NULL_CONVERSION = YES;
				CLANG_WARN_OBJC_IMPLICIT_RETAIN_SELF = YES;
				CLANG_WARN_OBJC_LITERAL_CONVERSION = YES;
				CLANG_WARN_OBJC_ROOT_CLASS = YES_ERROR;
				CLANG_WARN_RANGE_LOOP_ANALYSIS = YES;
				CLANG_WARN_STRICT_PROTOTYPES = YES;
				CLANG_WARN_SUSPICIOUS_MOVE = YES;
				CLANG_WARN_UNGUARDED_AVAILABILITY = YES_AGGRESSIVE;
				CLANG_WARN_UNREACHABLE_CODE = YES;
				CLANG_WARN__DUPLICATE_METHOD_MATCH = YES;
				CODE_SIGN_IDENTITY = "iPhone Developer";
				COPY_PHASE_STRIP = NO;
				DEBUG_INFORMATION_FORMAT = dwarf;
				ENABLE_STRICT_OBJC_MSGSEND = YES;
				ENABLE_TESTABILITY = YES;
				GCC_C_LANGUAGE_STANDARD = gnu11;
				GCC_DYNAMIC_NO_PIC = NO;
				GCC_NO_COMMON_BLOCKS = YES;
				GCC_OPTIMIZATION_LEVEL = 0;
				GCC_PREPROCESSOR_DEFINITIONS = (
					"DEBUG=1",
					"$(inherited)",
				);
				GCC_WARN_64_TO_32_BIT_CONVERSION = YES;
				GCC_WARN_ABOUT_RETURN_TYPE = YES_ERROR;
				GCC_WARN_UNDECLARED_SELECTOR = YES;
				GCC_WARN_UNINITIALIZED_AUTOS = YES_AGGRESSIVE;
				GCC_WARN_UNUSED_FUNCTION = YES;
				GCC_WARN_UNUSED_VARIABLE = YES;
				IPHONEOS_DEPLOYMENT_TARGET = 11.4;
				MTL_ENABLE_DEBUG_INFO = YES;
				ONLY_ACTIVE_ARCH = YES;
				SDKROOT = iphoneos;
				SWIFT_ACTIVE_COMPILATION_CONDITIONS = DEBUG;
				SWIFT_OPTIMIZATION_LEVEL = "-Onone";
			};
			name = Debug;
		};
		87A28631210E464A00561612 /* Release */ = {
			isa = XCBuildConfiguration;
			buildSettings = {
				ALWAYS_SEARCH_USER_PATHS = NO;
				CLANG_ANALYZER_NONNULL = YES;
				CLANG_ANALYZER_NUMBER_OBJECT_CONVERSION = YES_AGGRESSIVE;
				CLANG_CXX_LANGUAGE_STANDARD = "gnu++14";
				CLANG_CXX_LIBRARY = "libc++";
				CLANG_ENABLE_MODULES = YES;
				CLANG_ENABLE_OBJC_ARC = YES;
				CLANG_ENABLE_OBJC_WEAK = YES;
				CLANG_WARN_BLOCK_CAPTURE_AUTORELEASING = YES;
				CLANG_WARN_BOOL_CONVERSION = YES;
				CLANG_WARN_COMMA = YES;
				CLANG_WARN_CONSTANT_CONVERSION = YES;
				CLANG_WARN_DEPRECATED_OBJC_IMPLEMENTATIONS = YES;
				CLANG_WARN_DIRECT_OBJC_ISA_USAGE = YES_ERROR;
				CLANG_WARN_DOCUMENTATION_COMMENTS = YES;
				CLANG_WARN_EMPTY_BODY = YES;
				CLANG_WARN_ENUM_CONVERSION = YES;
				CLANG_WARN_INFINITE_RECURSION = YES;
				CLANG_WARN_INT_CONVERSION = YES;
				CLANG_WARN_NON_LITERAL_NULL_CONVERSION = YES;
				CLANG_WARN_OBJC_IMPLICIT_RETAIN_SELF = YES;
				CLANG_WARN_OBJC_LITERAL_CONVERSION = YES;
				CLANG_WARN_OBJC_ROOT_CLASS = YES_ERROR;
				CLANG_WARN_RANGE_LOOP_ANALYSIS = YES;
				CLANG_WARN_STRICT_PROTOTYPES = YES;
				CLANG_WARN_SUSPICIOUS_MOVE = YES;
				CLANG_WARN_UNGUARDED_AVAILABILITY = YES_AGGRESSIVE;
				CLANG_WARN_UNREACHABLE_CODE = YES;
				CLANG_WARN__DUPLICATE_METHOD_MATCH = YES;
				CODE_SIGN_IDENTITY = "iPhone Developer";
				COPY_PHASE_STRIP = NO;
				DEBUG_INFORMATION_FORMAT = "dwarf-with-dsym";
				ENABLE_NS_ASSERTIONS = NO;
				ENABLE_STRICT_OBJC_MSGSEND = YES;
				GCC_C_LANGUAGE_STANDARD = gnu11;
				GCC_NO_COMMON_BLOCKS = YES;
				GCC_WARN_64_TO_32_BIT_CONVERSION = YES;
				GCC_WARN_ABOUT_RETURN_TYPE = YES_ERROR;
				GCC_WARN_UNDECLARED_SELECTOR = YES;
				GCC_WARN_UNINITIALIZED_AUTOS = YES_AGGRESSIVE;
				GCC_WARN_UNUSED_FUNCTION = YES;
				GCC_WARN_UNUSED_VARIABLE = YES;
				IPHONEOS_DEPLOYMENT_TARGET = 11.4;
				MTL_ENABLE_DEBUG_INFO = NO;
				SDKROOT = iphoneos;
				SWIFT_COMPILATION_MODE = wholemodule;
				SWIFT_OPTIMIZATION_LEVEL = "-O";
				VALIDATE_PRODUCT = YES;
			};
			name = Release;
		};
		87A28633210E464A00561612 /* Debug */ = {
			isa = XCBuildConfiguration;
			baseConfigurationReference = BB1F41A2C042A7F7CAFCD7F1 /* Pods-App Assignment.debug.xcconfig */;
			buildSettings = {
				ASSETCATALOG_COMPILER_APPICON_NAME = AppIcon;
				CODE_SIGN_STYLE = Automatic;
				DEVELOPMENT_TEAM = 5U36G94Q8F;
				INFOPLIST_FILE = "$(SRCROOT)/App Assignment/Supporting files/Info.plist";
				LD_RUNPATH_SEARCH_PATHS = (
					"$(inherited)",
					"@executable_path/Frameworks",
				);
				PRODUCT_BUNDLE_IDENTIFIER = "Daraghmeh.App-Assignment";
				PRODUCT_NAME = "$(TARGET_NAME)";
				SWIFT_VERSION = 4.0;
				TARGETED_DEVICE_FAMILY = "1,2";
			};
			name = Debug;
		};
		87A28634210E464A00561612 /* Release */ = {
			isa = XCBuildConfiguration;
			baseConfigurationReference = 3F025C14393FA7370CFDB47E /* Pods-App Assignment.release.xcconfig */;
			buildSettings = {
				ASSETCATALOG_COMPILER_APPICON_NAME = AppIcon;
				CODE_SIGN_STYLE = Automatic;
				DEVELOPMENT_TEAM = 5U36G94Q8F;
				INFOPLIST_FILE = "$(SRCROOT)/App Assignment/Supporting files/Info.plist";
				LD_RUNPATH_SEARCH_PATHS = (
					"$(inherited)",
					"@executable_path/Frameworks",
				);
				PRODUCT_BUNDLE_IDENTIFIER = "Daraghmeh.App-Assignment";
				PRODUCT_NAME = "$(TARGET_NAME)";
				SWIFT_VERSION = 4.0;
				TARGETED_DEVICE_FAMILY = "1,2";
			};
			name = Release;
		};
/* End XCBuildConfiguration section */

/* Begin XCConfigurationList section */
		87A2861B210E464800561612 /* Build configuration list for PBXProject "App Assignment" */ = {
			isa = XCConfigurationList;
			buildConfigurations = (
				87A28630210E464A00561612 /* Debug */,
				87A28631210E464A00561612 /* Release */,
			);
			defaultConfigurationIsVisible = 0;
			defaultConfigurationName = Release;
		};
		87A28632210E464A00561612 /* Build configuration list for PBXNativeTarget "App Assignment" */ = {
			isa = XCConfigurationList;
			buildConfigurations = (
				87A28633210E464A00561612 /* Debug */,
				87A28634210E464A00561612 /* Release */,
			);
			defaultConfigurationIsVisible = 0;
			defaultConfigurationName = Release;
		};
/* End XCConfigurationList section */
	};
	rootObject = 87A28618210E464800561612 /* Project object */;
}
